
Microsoft Visual Studio Solution File, Format Version 12.00
# Visual Studio 15
VisualStudioVersion = 15.0.27428.2037
MinimumVisualStudioVersion = 10.0.40219.1
Project("{FAE04EC0-301F-11D3-BF4B-00C04F79EFBC}") = "CryptoBlockchain", "CryptoBlockchain\CryptoBlockchain.csproj", "{C425008D-F825-41AE-ABC7-F7AE8806405B}"
EndProject
Project("{FAE04EC0-301F-11D3-BF4B-00C04F79EFBC}") = "KeyRevolver", "KeyRevolver\KeyRevolver.csproj", "{F135342C-E42B-4D18-83F1-F42FC662A733}"
EndProject
Project("{FAE04EC0-301F-11D3-BF4B-00C04F79EFBC}") = "Sneaking", "Sneaking\Sneaking.csproj", "{BD34B9C8-B3EC-470C-8820-98B8FC992CA6}"
EndProject
Global
	GlobalSection(SolutionConfigurationPlatforms) = preSolution
		Debug|Any CPU = Debug|Any CPU
		Release|Any CPU = Release|Any CPU
	EndGlobalSection
	GlobalSection(ProjectConfigurationPlatforms) = postSolution
		{C425008D-F825-41AE-ABC7-F7AE8806405B}.Debug|Any CPU.ActiveCfg = Debug|Any CPU
		{C425008D-F825-41AE-ABC7-F7AE8806405B}.Debug|Any CPU.Build.0 = Debug|Any CPU
		{C425008D-F825-41AE-ABC7-F7AE8806405B}.Release|Any CPU.ActiveCfg = Release|Any CPU
		{C425008D-F825-41AE-ABC7-F7AE8806405B}.Release|Any CPU.Build.0 = Release|Any CPU
		{F135342C-E42B-4D18-83F1-F42FC662A733}.Debug|Any CPU.ActiveCfg = Debug|Any CPU
		{F135342C-E42B-4D18-83F1-F42FC662A733}.Debug|Any CPU.Build.0 = Debug|Any CPU
		{F135342C-E42B-4D18-83F1-F42FC662A733}.Release|Any CPU.ActiveCfg = Release|Any CPU
		{F135342C-E42B-4D18-83F1-F42FC662A733}.Release|Any CPU.Build.0 = Release|Any CPU
		{BD34B9C8-B3EC-470C-8820-98B8FC992CA6}.Debug|Any CPU.ActiveCfg = Debug|Any CPU
		{BD34B9C8-B3EC-470C-8820-98B8FC992CA6}.Debug|Any CPU.Build.0 = Debug|Any CPU
		{BD34B9C8-B3EC-470C-8820-98B8FC992CA6}.Release|Any CPU.ActiveCfg = Release|Any CPU
		{BD34B9C8-B3EC-470C-8820-98B8FC992CA6}.Release|Any CPU.Build.0 = Release|Any CPU
	EndGlobalSection
	GlobalSection(SolutionProperties) = preSolution
		HideSolutionNode = FALSE
	EndGlobalSection
	GlobalSection(ExtensibilityGlobals) = postSolution
		SolutionGuid = {76456D7B-D2C3-4383-A716-238DA7F895EC}
	EndGlobalSection
EndGlobal
