
Microsoft Visual Studio Solution File, Format Version 12.00
# Visual Studio 15
VisualStudioVersion = 15.0.27428.2015
MinimumVisualStudioVersion = 10.0.40219.1
Project("{FAE04EC0-301F-11D3-BF4B-00C04F79EFBC}") = "P2GenericBox", "P2GenericBox\P2GenericBox.csproj", "{03F33132-B845-4E1F-8452-A3E41ACC17E4}"
EndProject
Project("{FAE04EC0-301F-11D3-BF4B-00C04F79EFBC}") = "CustomList", "CustomList\CustomList.csproj", "{3D286619-4D5E-4B40-8D6B-4FCC6978C785}"
EndProject
Project("{FAE04EC0-301F-11D3-BF4B-00C04F79EFBC}") = "Tuple", "Tuple\Tuple.csproj", "{10DC8347-535A-4B5D-A0EE-3D2BA019C8E6}"
EndProject
Global
	GlobalSection(SolutionConfigurationPlatforms) = preSolution
		Debug|Any CPU = Debug|Any CPU
		Release|Any CPU = Release|Any CPU
	EndGlobalSection
	GlobalSection(ProjectConfigurationPlatforms) = postSolution
		{03F33132-B845-4E1F-8452-A3E41ACC17E4}.Debug|Any CPU.ActiveCfg = Debug|Any CPU
		{03F33132-B845-4E1F-8452-A3E41ACC17E4}.Debug|Any CPU.Build.0 = Debug|Any CPU
		{03F33132-B845-4E1F-8452-A3E41ACC17E4}.Release|Any CPU.ActiveCfg = Release|Any CPU
		{03F33132-B845-4E1F-8452-A3E41ACC17E4}.Release|Any CPU.Build.0 = Release|Any CPU
		{3D286619-4D5E-4B40-8D6B-4FCC6978C785}.Debug|Any CPU.ActiveCfg = Debug|Any CPU
		{3D286619-4D5E-4B40-8D6B-4FCC6978C785}.Debug|Any CPU.Build.0 = Debug|Any CPU
		{3D286619-4D5E-4B40-8D6B-4FCC6978C785}.Release|Any CPU.ActiveCfg = Release|Any CPU
		{3D286619-4D5E-4B40-8D6B-4FCC6978C785}.Release|Any CPU.Build.0 = Release|Any CPU
		{10DC8347-535A-4B5D-A0EE-3D2BA019C8E6}.Debug|Any CPU.ActiveCfg = Debug|Any CPU
		{10DC8347-535A-4B5D-A0EE-3D2BA019C8E6}.Debug|Any CPU.Build.0 = Debug|Any CPU
		{10DC8347-535A-4B5D-A0EE-3D2BA019C8E6}.Release|Any CPU.ActiveCfg = Release|Any CPU
		{10DC8347-535A-4B5D-A0EE-3D2BA019C8E6}.Release|Any CPU.Build.0 = Release|Any CPU
	EndGlobalSection
	GlobalSection(SolutionProperties) = preSolution
		HideSolutionNode = FALSE
	EndGlobalSection
	GlobalSection(ExtensibilityGlobals) = postSolution
		SolutionGuid = {2119B18F-691B-4BF2-83E9-E9513F67F522}
	EndGlobalSection
EndGlobal
