
Microsoft Visual Studio Solution File, Format Version 12.00
# Visual Studio 15
VisualStudioVersion = 15.0.26430.14
MinimumVisualStudioVersion = 10.0.40219.1
Project("{FAE04EC0-301F-11D3-BF4B-00C04F79EFBC}") = "P01HelloName!", "P01HelloName!\P01HelloName!.csproj", "{37512ED8-9311-46FC-BAFD-F72EA00CE6A1}"
EndProject
Project("{FAE04EC0-301F-11D3-BF4B-00C04F79EFBC}") = "P02MaxMethod", "P02MaxMethod\P02MaxMethod.csproj", "{C346A87E-A41A-476A-A32D-1ADBE67FF080}"
EndProject
Project("{FAE04EC0-301F-11D3-BF4B-00C04F79EFBC}") = "P03EnglishNameOfTheLastDigit", "P03EnglishNameOfTheLastDigit\P03EnglishNameOfTheLastDigit.csproj", "{71E3AD7F-5E86-4242-B66F-DB852962B37B}"
EndProject
Project("{FAE04EC0-301F-11D3-BF4B-00C04F79EFBC}") = "P04NumbersInReversedOrder", "P04NumbersInReversedOrder\P04NumbersInReversedOrder.csproj", "{2177C148-DC3D-4DA9-9103-8E3C7D3E5B8D}"
EndProject
Project("{FAE04EC0-301F-11D3-BF4B-00C04F79EFBC}") = "P05FibonacciNumbers", "P05FibonacciNumbers\P05FibonacciNumbers.csproj", "{9D44E9E5-E1AE-4338-AD4C-769D63B06F61}"
EndProject
Project("{FAE04EC0-301F-11D3-BF4B-00C04F79EFBC}") = "P06PrimeChecker", "P06PrimeChecker\P06PrimeChecker.csproj", "{48477B6A-7F72-477B-8F96-9936DA1023E1}"
EndProject
Project("{FAE04EC0-301F-11D3-BF4B-00C04F79EFBC}") = "P07PrimesInGivenRange", "P07PrimesInGivenRange\P07PrimesInGivenRange.csproj", "{AE6A5E87-E390-49D8-B328-8000266AFD20}"
EndProject
Project("{FAE04EC0-301F-11D3-BF4B-00C04F79EFBC}") = "P08CenterPoint", "P08CenterPoint\P08CenterPoint.csproj", "{63CB5D7D-F3DC-4055-AAEB-9E9AE552E096}"
EndProject
Project("{FAE04EC0-301F-11D3-BF4B-00C04F79EFBC}") = "P09LongerLine", "P09LongerLine\P09LongerLine.csproj", "{9189EDB6-FE1F-4887-A6A7-CB907B753206}"
EndProject
Project("{FAE04EC0-301F-11D3-BF4B-00C04F79EFBC}") = "P10CubeProperties", "P10CubeProperties\P10CubeProperties.csproj", "{60D54B22-4555-4F0A-98ED-B239B03FB439}"
EndProject
Project("{FAE04EC0-301F-11D3-BF4B-00C04F79EFBC}") = "P11GeometryCalculator", "P11GeometryCalculator\P11GeometryCalculator.csproj", "{C56DD3E5-C6F2-4D52-A04C-543ACE7A66E9}"
EndProject
Project("{FAE04EC0-301F-11D3-BF4B-00C04F79EFBC}") = "P12MasterNumbers", "P12MasterNumbers\P12MasterNumbers.csproj", "{5B206ED4-93F4-4FFF-ACA6-6D20F06AE872}"
EndProject
Project("{FAE04EC0-301F-11D3-BF4B-00C04F79EFBC}") = "P13Factorial", "P13Factorial\P13Factorial.csproj", "{4E4F4DB8-722F-4EA6-98EB-EAF828639C29}"
EndProject
Project("{FAE04EC0-301F-11D3-BF4B-00C04F79EFBC}") = "P14FactorialTrailingZeroes", "P14FactorialTrailingZeroes\P14FactorialTrailingZeroes.csproj", "{3CE83EB7-BF45-4F9E-8C07-47331BFB9474}"
EndProject
Global
	GlobalSection(SolutionConfigurationPlatforms) = preSolution
		Debug|Any CPU = Debug|Any CPU
		Release|Any CPU = Release|Any CPU
	EndGlobalSection
	GlobalSection(ProjectConfigurationPlatforms) = postSolution
		{37512ED8-9311-46FC-BAFD-F72EA00CE6A1}.Debug|Any CPU.ActiveCfg = Debug|Any CPU
		{37512ED8-9311-46FC-BAFD-F72EA00CE6A1}.Debug|Any CPU.Build.0 = Debug|Any CPU
		{37512ED8-9311-46FC-BAFD-F72EA00CE6A1}.Release|Any CPU.ActiveCfg = Release|Any CPU
		{37512ED8-9311-46FC-BAFD-F72EA00CE6A1}.Release|Any CPU.Build.0 = Release|Any CPU
		{C346A87E-A41A-476A-A32D-1ADBE67FF080}.Debug|Any CPU.ActiveCfg = Debug|Any CPU
		{C346A87E-A41A-476A-A32D-1ADBE67FF080}.Debug|Any CPU.Build.0 = Debug|Any CPU
		{C346A87E-A41A-476A-A32D-1ADBE67FF080}.Release|Any CPU.ActiveCfg = Release|Any CPU
		{C346A87E-A41A-476A-A32D-1ADBE67FF080}.Release|Any CPU.Build.0 = Release|Any CPU
		{71E3AD7F-5E86-4242-B66F-DB852962B37B}.Debug|Any CPU.ActiveCfg = Debug|Any CPU
		{71E3AD7F-5E86-4242-B66F-DB852962B37B}.Debug|Any CPU.Build.0 = Debug|Any CPU
		{71E3AD7F-5E86-4242-B66F-DB852962B37B}.Release|Any CPU.ActiveCfg = Release|Any CPU
		{71E3AD7F-5E86-4242-B66F-DB852962B37B}.Release|Any CPU.Build.0 = Release|Any CPU
		{2177C148-DC3D-4DA9-9103-8E3C7D3E5B8D}.Debug|Any CPU.ActiveCfg = Debug|Any CPU
		{2177C148-DC3D-4DA9-9103-8E3C7D3E5B8D}.Debug|Any CPU.Build.0 = Debug|Any CPU
		{2177C148-DC3D-4DA9-9103-8E3C7D3E5B8D}.Release|Any CPU.ActiveCfg = Release|Any CPU
		{2177C148-DC3D-4DA9-9103-8E3C7D3E5B8D}.Release|Any CPU.Build.0 = Release|Any CPU
		{9D44E9E5-E1AE-4338-AD4C-769D63B06F61}.Debug|Any CPU.ActiveCfg = Debug|Any CPU
		{9D44E9E5-E1AE-4338-AD4C-769D63B06F61}.Debug|Any CPU.Build.0 = Debug|Any CPU
		{9D44E9E5-E1AE-4338-AD4C-769D63B06F61}.Release|Any CPU.ActiveCfg = Release|Any CPU
		{9D44E9E5-E1AE-4338-AD4C-769D63B06F61}.Release|Any CPU.Build.0 = Release|Any CPU
		{48477B6A-7F72-477B-8F96-9936DA1023E1}.Debug|Any CPU.ActiveCfg = Debug|Any CPU
		{48477B6A-7F72-477B-8F96-9936DA1023E1}.Debug|Any CPU.Build.0 = Debug|Any CPU
		{48477B6A-7F72-477B-8F96-9936DA1023E1}.Release|Any CPU.ActiveCfg = Release|Any CPU
		{48477B6A-7F72-477B-8F96-9936DA1023E1}.Release|Any CPU.Build.0 = Release|Any CPU
		{AE6A5E87-E390-49D8-B328-8000266AFD20}.Debug|Any CPU.ActiveCfg = Debug|Any CPU
		{AE6A5E87-E390-49D8-B328-8000266AFD20}.Debug|Any CPU.Build.0 = Debug|Any CPU
		{AE6A5E87-E390-49D8-B328-8000266AFD20}.Release|Any CPU.ActiveCfg = Release|Any CPU
		{AE6A5E87-E390-49D8-B328-8000266AFD20}.Release|Any CPU.Build.0 = Release|Any CPU
		{63CB5D7D-F3DC-4055-AAEB-9E9AE552E096}.Debug|Any CPU.ActiveCfg = Debug|Any CPU
		{63CB5D7D-F3DC-4055-AAEB-9E9AE552E096}.Debug|Any CPU.Build.0 = Debug|Any CPU
		{63CB5D7D-F3DC-4055-AAEB-9E9AE552E096}.Release|Any CPU.ActiveCfg = Release|Any CPU
		{63CB5D7D-F3DC-4055-AAEB-9E9AE552E096}.Release|Any CPU.Build.0 = Release|Any CPU
		{9189EDB6-FE1F-4887-A6A7-CB907B753206}.Debug|Any CPU.ActiveCfg = Debug|Any CPU
		{9189EDB6-FE1F-4887-A6A7-CB907B753206}.Debug|Any CPU.Build.0 = Debug|Any CPU
		{9189EDB6-FE1F-4887-A6A7-CB907B753206}.Release|Any CPU.ActiveCfg = Release|Any CPU
		{9189EDB6-FE1F-4887-A6A7-CB907B753206}.Release|Any CPU.Build.0 = Release|Any CPU
		{60D54B22-4555-4F0A-98ED-B239B03FB439}.Debug|Any CPU.ActiveCfg = Debug|Any CPU
		{60D54B22-4555-4F0A-98ED-B239B03FB439}.Debug|Any CPU.Build.0 = Debug|Any CPU
		{60D54B22-4555-4F0A-98ED-B239B03FB439}.Release|Any CPU.ActiveCfg = Release|Any CPU
		{60D54B22-4555-4F0A-98ED-B239B03FB439}.Release|Any CPU.Build.0 = Release|Any CPU
		{C56DD3E5-C6F2-4D52-A04C-543ACE7A66E9}.Debug|Any CPU.ActiveCfg = Debug|Any CPU
		{C56DD3E5-C6F2-4D52-A04C-543ACE7A66E9}.Debug|Any CPU.Build.0 = Debug|Any CPU
		{C56DD3E5-C6F2-4D52-A04C-543ACE7A66E9}.Release|Any CPU.ActiveCfg = Release|Any CPU
		{C56DD3E5-C6F2-4D52-A04C-543ACE7A66E9}.Release|Any CPU.Build.0 = Release|Any CPU
		{5B206ED4-93F4-4FFF-ACA6-6D20F06AE872}.Debug|Any CPU.ActiveCfg = Debug|Any CPU
		{5B206ED4-93F4-4FFF-ACA6-6D20F06AE872}.Debug|Any CPU.Build.0 = Debug|Any CPU
		{5B206ED4-93F4-4FFF-ACA6-6D20F06AE872}.Release|Any CPU.ActiveCfg = Release|Any CPU
		{5B206ED4-93F4-4FFF-ACA6-6D20F06AE872}.Release|Any CPU.Build.0 = Release|Any CPU
		{4E4F4DB8-722F-4EA6-98EB-EAF828639C29}.Debug|Any CPU.ActiveCfg = Debug|Any CPU
		{4E4F4DB8-722F-4EA6-98EB-EAF828639C29}.Debug|Any CPU.Build.0 = Debug|Any CPU
		{4E4F4DB8-722F-4EA6-98EB-EAF828639C29}.Release|Any CPU.ActiveCfg = Release|Any CPU
		{4E4F4DB8-722F-4EA6-98EB-EAF828639C29}.Release|Any CPU.Build.0 = Release|Any CPU
		{3CE83EB7-BF45-4F9E-8C07-47331BFB9474}.Debug|Any CPU.ActiveCfg = Debug|Any CPU
		{3CE83EB7-BF45-4F9E-8C07-47331BFB9474}.Debug|Any CPU.Build.0 = Debug|Any CPU
		{3CE83EB7-BF45-4F9E-8C07-47331BFB9474}.Release|Any CPU.ActiveCfg = Release|Any CPU
		{3CE83EB7-BF45-4F9E-8C07-47331BFB9474}.Release|Any CPU.Build.0 = Release|Any CPU
	EndGlobalSection
	GlobalSection(SolutionProperties) = preSolution
		HideSolutionNode = FALSE
	EndGlobalSection
EndGlobal
