
Microsoft Visual Studio Solution File, Format Version 12.00
# Visual Studio 15
VisualStudioVersion = 15.0.27428.2015
MinimumVisualStudioVersion = 10.0.40219.1
Project("{9A19103F-16F7-4668-BE54-9A1E7A4F7556}") = "P1ListyIterator", "P1ListyIterator\P1ListyIterator.csproj", "{8A3B7C6C-67F3-43B8-B678-695661883693}"
EndProject
Project("{9A19103F-16F7-4668-BE54-9A1E7A4F7556}") = "Stack", "Stack\Stack.csproj", "{74B2CC42-E66C-46CF-97C4-37B35239F976}"
EndProject
Project("{9A19103F-16F7-4668-BE54-9A1E7A4F7556}") = "Froggy", "Froggy\Froggy.csproj", "{2E3CA25C-DF7A-471D-BFF4-C389474BBE8E}"
EndProject
Project("{FAE04EC0-301F-11D3-BF4B-00C04F79EFBC}") = "ComparingObjects", "ComparingObjects\ComparingObjects.csproj", "{DCC031DA-B05A-40C3-9CF1-84B76A83A0B5}"
EndProject
Global
	GlobalSection(SolutionConfigurationPlatforms) = preSolution
		Debug|Any CPU = Debug|Any CPU
		Release|Any CPU = Release|Any CPU
	EndGlobalSection
	GlobalSection(ProjectConfigurationPlatforms) = postSolution
		{8A3B7C6C-67F3-43B8-B678-695661883693}.Debug|Any CPU.ActiveCfg = Debug|Any CPU
		{8A3B7C6C-67F3-43B8-B678-695661883693}.Debug|Any CPU.Build.0 = Debug|Any CPU
		{8A3B7C6C-67F3-43B8-B678-695661883693}.Release|Any CPU.ActiveCfg = Release|Any CPU
		{8A3B7C6C-67F3-43B8-B678-695661883693}.Release|Any CPU.Build.0 = Release|Any CPU
		{74B2CC42-E66C-46CF-97C4-37B35239F976}.Debug|Any CPU.ActiveCfg = Debug|Any CPU
		{74B2CC42-E66C-46CF-97C4-37B35239F976}.Debug|Any CPU.Build.0 = Debug|Any CPU
		{74B2CC42-E66C-46CF-97C4-37B35239F976}.Release|Any CPU.ActiveCfg = Release|Any CPU
		{74B2CC42-E66C-46CF-97C4-37B35239F976}.Release|Any CPU.Build.0 = Release|Any CPU
		{2E3CA25C-DF7A-471D-BFF4-C389474BBE8E}.Debug|Any CPU.ActiveCfg = Debug|Any CPU
		{2E3CA25C-DF7A-471D-BFF4-C389474BBE8E}.Debug|Any CPU.Build.0 = Debug|Any CPU
		{2E3CA25C-DF7A-471D-BFF4-C389474BBE8E}.Release|Any CPU.ActiveCfg = Release|Any CPU
		{2E3CA25C-DF7A-471D-BFF4-C389474BBE8E}.Release|Any CPU.Build.0 = Release|Any CPU
		{DCC031DA-B05A-40C3-9CF1-84B76A83A0B5}.Debug|Any CPU.ActiveCfg = Debug|Any CPU
		{DCC031DA-B05A-40C3-9CF1-84B76A83A0B5}.Debug|Any CPU.Build.0 = Debug|Any CPU
		{DCC031DA-B05A-40C3-9CF1-84B76A83A0B5}.Release|Any CPU.ActiveCfg = Release|Any CPU
		{DCC031DA-B05A-40C3-9CF1-84B76A83A0B5}.Release|Any CPU.Build.0 = Release|Any CPU
	EndGlobalSection
	GlobalSection(SolutionProperties) = preSolution
		HideSolutionNode = FALSE
	EndGlobalSection
	GlobalSection(ExtensibilityGlobals) = postSolution
		SolutionGuid = {46D08510-1DA3-411D-8D27-A1EDA80B790C}
	EndGlobalSection
EndGlobal
