
Microsoft Visual Studio Solution File, Format Version 12.00
# Visual Studio 15
VisualStudioVersion = 15.0.27130.2024
MinimumVisualStudioVersion = 10.0.40219.1
Project("{FAE04EC0-301F-11D3-BF4B-00C04F79EFBC}") = "P1Vehicles", "P1Vehicles\P1Vehicles.csproj", "{5ACE65EF-4FE7-46F3-AA85-53A497D34702}"
EndProject
Project("{FAE04EC0-301F-11D3-BF4B-00C04F79EFBC}") = "P3WildFarm", "P3WildFarm\P3WildFarm.csproj", "{35CE5926-9515-4E2C-B26C-575153969AEB}"
EndProject
Global
	GlobalSection(SolutionConfigurationPlatforms) = preSolution
		Debug|Any CPU = Debug|Any CPU
		Release|Any CPU = Release|Any CPU
	EndGlobalSection
	GlobalSection(ProjectConfigurationPlatforms) = postSolution
		{5ACE65EF-4FE7-46F3-AA85-53A497D34702}.Debug|Any CPU.ActiveCfg = Debug|Any CPU
		{5ACE65EF-4FE7-46F3-AA85-53A497D34702}.Debug|Any CPU.Build.0 = Debug|Any CPU
		{5ACE65EF-4FE7-46F3-AA85-53A497D34702}.Release|Any CPU.ActiveCfg = Release|Any CPU
		{5ACE65EF-4FE7-46F3-AA85-53A497D34702}.Release|Any CPU.Build.0 = Release|Any CPU
		{35CE5926-9515-4E2C-B26C-575153969AEB}.Debug|Any CPU.ActiveCfg = Debug|Any CPU
		{35CE5926-9515-4E2C-B26C-575153969AEB}.Debug|Any CPU.Build.0 = Debug|Any CPU
		{35CE5926-9515-4E2C-B26C-575153969AEB}.Release|Any CPU.ActiveCfg = Release|Any CPU
		{35CE5926-9515-4E2C-B26C-575153969AEB}.Release|Any CPU.Build.0 = Release|Any CPU
	EndGlobalSection
	GlobalSection(SolutionProperties) = preSolution
		HideSolutionNode = FALSE
	EndGlobalSection
	GlobalSection(ExtensibilityGlobals) = postSolution
		SolutionGuid = {30B7EF68-093B-407C-A81C-93F2DB9138A2}
	EndGlobalSection
EndGlobal
