
Microsoft Visual Studio Solution File, Format Version 12.00
# Visual Studio 15
VisualStudioVersion = 15.0.27703.2035
MinimumVisualStudioVersion = 10.0.40219.1
Project("{FAE04EC0-301F-11D3-BF4B-00C04F79EFBC}") = "P01_HospitalDatabase", "P01_HospitalDatabase\P01_HospitalDatabase.csproj", "{13300433-C3F2-402F-8DF2-C63DA65B14E2}"
EndProject
Project("{FAE04EC0-301F-11D3-BF4B-00C04F79EFBC}") = "P01_HospitalDatabase.Data.Models", "P01_HospitalDatabase.Data.Models\P01_HospitalDatabase.Data.Models.csproj", "{1426F113-9B29-4786-B655-4AFDF6B064EE}"
EndProject
Project("{FAE04EC0-301F-11D3-BF4B-00C04F79EFBC}") = "P01_HospitalDatabase.Data", "P01_HospitalDatabase.Data\P01_HospitalDatabase.Data.csproj", "{BF3580BA-85DA-4F2E-B586-442B7EA7E3B9}"
EndProject
Project("{9A19103F-16F7-4668-BE54-9A1E7A4F7556}") = "HospitalDatabaseInitializer", "..\Initializer\HospitalDatabaseInitializer\HospitalDatabaseInitializer.csproj", "{D799B394-8FB7-4CE2-96F3-419B70ADFCDD}"
EndProject
Global
	GlobalSection(SolutionConfigurationPlatforms) = preSolution
		Debug|Any CPU = Debug|Any CPU
		Release|Any CPU = Release|Any CPU
	EndGlobalSection
	GlobalSection(ProjectConfigurationPlatforms) = postSolution
		{13300433-C3F2-402F-8DF2-C63DA65B14E2}.Debug|Any CPU.ActiveCfg = Debug|Any CPU
		{13300433-C3F2-402F-8DF2-C63DA65B14E2}.Debug|Any CPU.Build.0 = Debug|Any CPU
		{13300433-C3F2-402F-8DF2-C63DA65B14E2}.Release|Any CPU.ActiveCfg = Release|Any CPU
		{13300433-C3F2-402F-8DF2-C63DA65B14E2}.Release|Any CPU.Build.0 = Release|Any CPU
		{1426F113-9B29-4786-B655-4AFDF6B064EE}.Debug|Any CPU.ActiveCfg = Debug|Any CPU
		{1426F113-9B29-4786-B655-4AFDF6B064EE}.Debug|Any CPU.Build.0 = Debug|Any CPU
		{1426F113-9B29-4786-B655-4AFDF6B064EE}.Release|Any CPU.ActiveCfg = Release|Any CPU
		{1426F113-9B29-4786-B655-4AFDF6B064EE}.Release|Any CPU.Build.0 = Release|Any CPU
		{BF3580BA-85DA-4F2E-B586-442B7EA7E3B9}.Debug|Any CPU.ActiveCfg = Debug|Any CPU
		{BF3580BA-85DA-4F2E-B586-442B7EA7E3B9}.Debug|Any CPU.Build.0 = Debug|Any CPU
		{BF3580BA-85DA-4F2E-B586-442B7EA7E3B9}.Release|Any CPU.ActiveCfg = Release|Any CPU
		{BF3580BA-85DA-4F2E-B586-442B7EA7E3B9}.Release|Any CPU.Build.0 = Release|Any CPU
		{D799B394-8FB7-4CE2-96F3-419B70ADFCDD}.Debug|Any CPU.ActiveCfg = Debug|Any CPU
		{D799B394-8FB7-4CE2-96F3-419B70ADFCDD}.Debug|Any CPU.Build.0 = Debug|Any CPU
		{D799B394-8FB7-4CE2-96F3-419B70ADFCDD}.Release|Any CPU.ActiveCfg = Release|Any CPU
		{D799B394-8FB7-4CE2-96F3-419B70ADFCDD}.Release|Any CPU.Build.0 = Release|Any CPU
	EndGlobalSection
	GlobalSection(SolutionProperties) = preSolution
		HideSolutionNode = FALSE
	EndGlobalSection
	GlobalSection(ExtensibilityGlobals) = postSolution
		SolutionGuid = {61CBF49E-1DDC-41D8-9C41-3EAF40A30DF2}
	EndGlobalSection
EndGlobal
