
Microsoft Visual Studio Solution File, Format Version 12.00
# Visual Studio 15
VisualStudioVersion = 15.0.27130.2024
MinimumVisualStudioVersion = 10.0.40219.1
Project("{FAE04EC0-301F-11D3-BF4B-00C04F79EFBC}") = "GrandPrix", "GrandPrix\GrandPrix.csproj", "{BB13B155-D097-4589-A7FC-52D096AA99E7}"
EndProject
Global
	GlobalSection(SolutionConfigurationPlatforms) = preSolution
		Debug|Any CPU = Debug|Any CPU
		Release|Any CPU = Release|Any CPU
	EndGlobalSection
	GlobalSection(ProjectConfigurationPlatforms) = postSolution
		{BB13B155-D097-4589-A7FC-52D096AA99E7}.Debug|Any CPU.ActiveCfg = Debug|Any CPU
		{BB13B155-D097-4589-A7FC-52D096AA99E7}.Debug|Any CPU.Build.0 = Debug|Any CPU
		{BB13B155-D097-4589-A7FC-52D096AA99E7}.Release|Any CPU.ActiveCfg = Release|Any CPU
		{BB13B155-D097-4589-A7FC-52D096AA99E7}.Release|Any CPU.Build.0 = Release|Any CPU
	EndGlobalSection
	GlobalSection(SolutionProperties) = preSolution
		HideSolutionNode = FALSE
	EndGlobalSection
	GlobalSection(ExtensibilityGlobals) = postSolution
		SolutionGuid = {5794B2B9-F8B9-4D9C-8175-7A475D5E4B30}
	EndGlobalSection
EndGlobal
