
Microsoft Visual Studio Solution File, Format Version 12.00
# Visual Studio 15
VisualStudioVersion = 15.0.27130.2024
MinimumVisualStudioVersion = 10.0.40219.1
Project("{9A19103F-16F7-4668-BE54-9A1E7A4F7556}") = "P1Regeh", "P1Regeh\P1Regeh.csproj", "{0D8C4F93-8E23-44DE-9F53-941C0E1CFC55}"
EndProject
Project("{FAE04EC0-301F-11D3-BF4B-00C04F79EFBC}") = "P2Knights", "P2Knights\P2Knights.csproj", "{2A31A405-4C34-4B68-9FC1-EE99650D09B8}"
EndProject
Project("{FAE04EC0-301F-11D3-BF4B-00C04F79EFBC}") = "P3NumbersWars", "P3NumbersWars\P3NumbersWars.csproj", "{3164CA62-A896-477D-A107-17D61334A6E2}"
EndProject
Project("{FAE04EC0-301F-11D3-BF4B-00C04F79EFBC}") = "P4Hospital", "P4Hospital\P4Hospital.csproj", "{2799D09E-2EF7-4D29-864E-08439935AB50}"
EndProject
Global
	GlobalSection(SolutionConfigurationPlatforms) = preSolution
		Debug|Any CPU = Debug|Any CPU
		Release|Any CPU = Release|Any CPU
	EndGlobalSection
	GlobalSection(ProjectConfigurationPlatforms) = postSolution
		{0D8C4F93-8E23-44DE-9F53-941C0E1CFC55}.Debug|Any CPU.ActiveCfg = Debug|Any CPU
		{0D8C4F93-8E23-44DE-9F53-941C0E1CFC55}.Debug|Any CPU.Build.0 = Debug|Any CPU
		{0D8C4F93-8E23-44DE-9F53-941C0E1CFC55}.Release|Any CPU.ActiveCfg = Release|Any CPU
		{0D8C4F93-8E23-44DE-9F53-941C0E1CFC55}.Release|Any CPU.Build.0 = Release|Any CPU
		{2A31A405-4C34-4B68-9FC1-EE99650D09B8}.Debug|Any CPU.ActiveCfg = Debug|Any CPU
		{2A31A405-4C34-4B68-9FC1-EE99650D09B8}.Debug|Any CPU.Build.0 = Debug|Any CPU
		{2A31A405-4C34-4B68-9FC1-EE99650D09B8}.Release|Any CPU.ActiveCfg = Release|Any CPU
		{2A31A405-4C34-4B68-9FC1-EE99650D09B8}.Release|Any CPU.Build.0 = Release|Any CPU
		{3164CA62-A896-477D-A107-17D61334A6E2}.Debug|Any CPU.ActiveCfg = Debug|Any CPU
		{3164CA62-A896-477D-A107-17D61334A6E2}.Debug|Any CPU.Build.0 = Debug|Any CPU
		{3164CA62-A896-477D-A107-17D61334A6E2}.Release|Any CPU.ActiveCfg = Release|Any CPU
		{3164CA62-A896-477D-A107-17D61334A6E2}.Release|Any CPU.Build.0 = Release|Any CPU
		{2799D09E-2EF7-4D29-864E-08439935AB50}.Debug|Any CPU.ActiveCfg = Debug|Any CPU
		{2799D09E-2EF7-4D29-864E-08439935AB50}.Debug|Any CPU.Build.0 = Debug|Any CPU
		{2799D09E-2EF7-4D29-864E-08439935AB50}.Release|Any CPU.ActiveCfg = Release|Any CPU
		{2799D09E-2EF7-4D29-864E-08439935AB50}.Release|Any CPU.Build.0 = Release|Any CPU
	EndGlobalSection
	GlobalSection(SolutionProperties) = preSolution
		HideSolutionNode = FALSE
	EndGlobalSection
	GlobalSection(ExtensibilityGlobals) = postSolution
		SolutionGuid = {5F9CE98E-C87A-4F33-8E9A-E6A5D5027A4A}
	EndGlobalSection
EndGlobal
